// !$*UTF8*$!
{
	archiveVersion = 1;
	classes = {
	};
	objectVersion = 46;
	objects = {

/* Begin PBXBuildFile section */
		212615FB1C1B5C9700DA4F02 /* SubmitViewController.m in Sources */ = {isa = PBXBuildFile; fileRef = 212615FA1C1B5C9700DA4F02 /* SubmitViewController.m */; };
		218CCC591C1A4DE600101CF4 /* XButton.png in Resources */ = {isa = PBXBuildFile; fileRef = 218CCC581C1A4DE600101CF4 /* XButton.png */; };
		4F51377180B90D98FD02AAC6 /* libPods.a in Frameworks */ = {isa = PBXBuildFile; fileRef = B72E17892805A4FE3B8F1183 /* libPods.a */; };
		7EC0B3D11C1A61E000A6C6E5 /* ParkingSpot.m in Sources */ = {isa = PBXBuildFile; fileRef = 7EC0B3D01C1A61E000A6C6E5 /* ParkingSpot.m */; };
		7EC0B3D51C1A6C0200A6C6E5 /* ParkingSpots.m in Sources */ = {isa = PBXBuildFile; fileRef = 7EC0B3D41C1A6C0200A6C6E5 /* ParkingSpots.m */; };
		C60F5FDC1C1796E700D2645D /* main.m in Sources */ = {isa = PBXBuildFile; fileRef = C60F5FDB1C1796E700D2645D /* main.m */; };
		C60F5FDF1C1796E700D2645D /* AppDelegate.m in Sources */ = {isa = PBXBuildFile; fileRef = C60F5FDE1C1796E700D2645D /* AppDelegate.m */; };
		C60F5FE21C1796E700D2645D /* ViewController.m in Sources */ = {isa = PBXBuildFile; fileRef = C60F5FE11C1796E700D2645D /* ViewController.m */; };
		C60F5FE51C1796E700D2645D /* Main.storyboard in Resources */ = {isa = PBXBuildFile; fileRef = C60F5FE31C1796E700D2645D /* Main.storyboard */; };
		C60F5FE71C1796E700D2645D /* Assets.xcassets in Resources */ = {isa = PBXBuildFile; fileRef = C60F5FE61C1796E700D2645D /* Assets.xcassets */; };
		C60F5FEA1C1796E700D2645D /* LaunchScreen.storyboard in Resources */ = {isa = PBXBuildFile; fileRef = C60F5FE81C1796E700D2645D /* LaunchScreen.storyboard */; };
		C60F60001C17E52800D2645D /* Helper.m in Sources */ = {isa = PBXBuildFile; fileRef = C60F5FFF1C17E52800D2645D /* Helper.m */; };
		C6DA6C291C1A38CD005FBD89 /* Podfile in Resources */ = {isa = PBXBuildFile; fileRef = C6DA6C281C1A38CD005FBD89 /* Podfile */; };
		C6F8D3E31C1E151400C36DA5 /* CoreLocation.framework in Frameworks */ = {isa = PBXBuildFile; fileRef = C6F8D3E21C1E151400C36DA5 /* CoreLocation.framework */; };
		C6F8D3E71C1E155500C36DA5 /* MapKit.framework in Frameworks */ = {isa = PBXBuildFile; fileRef = C6F8D3E61C1E155500C36DA5 /* MapKit.framework */; };
		C6F8D3E91C1E155C00C36DA5 /* CoreData.framework in Frameworks */ = {isa = PBXBuildFile; fileRef = C6F8D3E81C1E155C00C36DA5 /* CoreData.framework */; };
		C6F8D3ED1C1E182700C36DA5 /* UIKit.framework in Frameworks */ = {isa = PBXBuildFile; fileRef = C6F8D3EC1C1E182700C36DA5 /* UIKit.framework */; };
		C6F8D3EF1C1E183600C36DA5 /* CoreGraphics.framework in Frameworks */ = {isa = PBXBuildFile; fileRef = C6F8D3EE1C1E183600C36DA5 /* CoreGraphics.framework */; };
		C6F8D3F11C1E184200C36DA5 /* Foundation.framework in Frameworks */ = {isa = PBXBuildFile; fileRef = C6F8D3F01C1E184200C36DA5 /* Foundation.framework */; };
		FBBD37701C1911B8001FBB52 /* CameraViewController.m in Sources */ = {isa = PBXBuildFile; fileRef = FBBD376F1C1911B8001FBB52 /* CameraViewController.m */; };
/* End PBXBuildFile section */

/* Begin PBXFileReference section */
		212615F91C1B5C9700DA4F02 /* SubmitViewController.h */ = {isa = PBXFileReference; fileEncoding = 4; lastKnownFileType = sourcecode.c.h; path = SubmitViewController.h; sourceTree = "<group>"; };
		212615FA1C1B5C9700DA4F02 /* SubmitViewController.m */ = {isa = PBXFileReference; fileEncoding = 4; lastKnownFileType = sourcecode.c.objc; path = SubmitViewController.m; sourceTree = "<group>"; };
		218CCC581C1A4DE600101CF4 /* XButton.png */ = {isa = PBXFileReference; lastKnownFileType = image.png; path = XButton.png; sourceTree = "<group>"; };
		5D440E109A622E6A9FA3B119 /* Pods.debug.xcconfig */ = {isa = PBXFileReference; includeInIndex = 1; lastKnownFileType = text.xcconfig; name = Pods.debug.xcconfig; path = "Nemo-Master/Pods/Target Support Files/Pods/Pods.debug.xcconfig"; sourceTree = "<group>"; };
		7EC0B3CF1C1A61E000A6C6E5 /* ParkingSpot.h */ = {isa = PBXFileReference; fileEncoding = 4; lastKnownFileType = sourcecode.c.h; path = ParkingSpot.h; sourceTree = "<group>"; };
		7EC0B3D01C1A61E000A6C6E5 /* ParkingSpot.m */ = {isa = PBXFileReference; fileEncoding = 4; lastKnownFileType = sourcecode.c.objc; path = ParkingSpot.m; sourceTree = "<group>"; };
		7EC0B3D31C1A6C0200A6C6E5 /* ParkingSpots.h */ = {isa = PBXFileReference; fileEncoding = 4; lastKnownFileType = sourcecode.c.h; name = ParkingSpots.h; path = ../ParkingSpots.h; sourceTree = "<group>"; };
		7EC0B3D41C1A6C0200A6C6E5 /* ParkingSpots.m */ = {isa = PBXFileReference; fileEncoding = 4; lastKnownFileType = sourcecode.c.objc; name = ParkingSpots.m; path = ../ParkingSpots.m; sourceTree = "<group>"; };
		B72E17892805A4FE3B8F1183 /* libPods.a */ = {isa = PBXFileReference; explicitFileType = archive.ar; includeInIndex = 0; path = libPods.a; sourceTree = BUILT_PRODUCTS_DIR; };
		C60F5FD71C1796E700D2645D /* Nemo-Master.app */ = {isa = PBXFileReference; explicitFileType = wrapper.application; includeInIndex = 0; path = "Nemo-Master.app"; sourceTree = BUILT_PRODUCTS_DIR; };
		C60F5FDB1C1796E700D2645D /* main.m */ = {isa = PBXFileReference; lastKnownFileType = sourcecode.c.objc; path = main.m; sourceTree = "<group>"; };
		C60F5FDD1C1796E700D2645D /* AppDelegate.h */ = {isa = PBXFileReference; lastKnownFileType = sourcecode.c.h; path = AppDelegate.h; sourceTree = "<group>"; };
		C60F5FDE1C1796E700D2645D /* AppDelegate.m */ = {isa = PBXFileReference; lastKnownFileType = sourcecode.c.objc; path = AppDelegate.m; sourceTree = "<group>"; };
		C60F5FE01C1796E700D2645D /* ViewController.h */ = {isa = PBXFileReference; lastKnownFileType = sourcecode.c.h; path = ViewController.h; sourceTree = "<group>"; };
		C60F5FE11C1796E700D2645D /* ViewController.m */ = {isa = PBXFileReference; lastKnownFileType = sourcecode.c.objc; path = ViewController.m; sourceTree = "<group>"; };
		C60F5FE41C1796E700D2645D /* Base */ = {isa = PBXFileReference; lastKnownFileType = file.storyboard; name = Base; path = Base.lproj/Main.storyboard; sourceTree = "<group>"; };
		C60F5FE61C1796E700D2645D /* Assets.xcassets */ = {isa = PBXFileReference; lastKnownFileType = folder.assetcatalog; path = Assets.xcassets; sourceTree = "<group>"; };
		C60F5FE91C1796E700D2645D /* Base */ = {isa = PBXFileReference; lastKnownFileType = file.storyboard; name = Base; path = Base.lproj/LaunchScreen.storyboard; sourceTree = "<group>"; };
		C60F5FEB1C1796E700D2645D /* Info.plist */ = {isa = PBXFileReference; lastKnownFileType = text.plist.xml; path = Info.plist; sourceTree = "<group>"; };
		C60F5FFE1C17E52800D2645D /* Helper.h */ = {isa = PBXFileReference; fileEncoding = 4; lastKnownFileType = sourcecode.c.h; name = Helper.h; path = ../Helper.h; sourceTree = "<group>"; };
		C60F5FFF1C17E52800D2645D /* Helper.m */ = {isa = PBXFileReference; fileEncoding = 4; lastKnownFileType = sourcecode.c.objc; name = Helper.m; path = ../Helper.m; sourceTree = "<group>"; };
		C6DA6C281C1A38CD005FBD89 /* Podfile */ = {isa = PBXFileReference; fileEncoding = 4; lastKnownFileType = text; path = Podfile; sourceTree = "<group>"; xcLanguageSpecificationIdentifier = xcode.lang.ruby; };
		C6F8D3E21C1E151400C36DA5 /* CoreLocation.framework */ = {isa = PBXFileReference; lastKnownFileType = wrapper.framework; name = CoreLocation.framework; path = System/Library/Frameworks/CoreLocation.framework; sourceTree = SDKROOT; };
		C6F8D3E41C1E155100C36DA5 /* GLKit.framework */ = {isa = PBXFileReference; lastKnownFileType = wrapper.framework; name = GLKit.framework; path = System/Library/Frameworks/GLKit.framework; sourceTree = SDKROOT; };
		C6F8D3E61C1E155500C36DA5 /* MapKit.framework */ = {isa = PBXFileReference; lastKnownFileType = wrapper.framework; name = MapKit.framework; path = System/Library/Frameworks/MapKit.framework; sourceTree = SDKROOT; };
		C6F8D3E81C1E155C00C36DA5 /* CoreData.framework */ = {isa = PBXFileReference; lastKnownFileType = wrapper.framework; name = CoreData.framework; path = System/Library/Frameworks/CoreData.framework; sourceTree = SDKROOT; };
		C6F8D3EA1C1E156300C36DA5 /* AVFoundation.framework */ = {isa = PBXFileReference; lastKnownFileType = wrapper.framework; name = AVFoundation.framework; path = System/Library/Frameworks/AVFoundation.framework; sourceTree = SDKROOT; };
		C6F8D3EC1C1E182700C36DA5 /* UIKit.framework */ = {isa = PBXFileReference; lastKnownFileType = wrapper.framework; name = UIKit.framework; path = System/Library/Frameworks/UIKit.framework; sourceTree = SDKROOT; };
		C6F8D3EE1C1E183600C36DA5 /* CoreGraphics.framework */ = {isa = PBXFileReference; lastKnownFileType = wrapper.framework; name = CoreGraphics.framework; path = System/Library/Frameworks/CoreGraphics.framework; sourceTree = SDKROOT; };
		C6F8D3F01C1E184200C36DA5 /* Foundation.framework */ = {isa = PBXFileReference; lastKnownFileType = wrapper.framework; name = Foundation.framework; path = System/Library/Frameworks/Foundation.framework; sourceTree = SDKROOT; };
		E851A27F2547482244E09418 /* Pods.release.xcconfig */ = {isa = PBXFileReference; includeInIndex = 1; lastKnownFileType = text.xcconfig; name = Pods.release.xcconfig; path = "Nemo-Master/Pods/Target Support Files/Pods/Pods.release.xcconfig"; sourceTree = "<group>"; };
		FBBD376E1C1911B8001FBB52 /* CameraViewController.h */ = {isa = PBXFileReference; fileEncoding = 4; lastKnownFileType = sourcecode.c.h; path = CameraViewController.h; sourceTree = "<group>"; };
		FBBD376F1C1911B8001FBB52 /* CameraViewController.m */ = {isa = PBXFileReference; fileEncoding = 4; lastKnownFileType = sourcecode.c.objc; path = CameraViewController.m; sourceTree = "<group>"; };
/* End PBXFileReference section */

/* Begin PBXFrameworksBuildPhase section */
		C60F5FD41C1796E700D2645D /* Frameworks */ = {
			isa = PBXFrameworksBuildPhase;
			buildActionMask = 2147483647;
			files = (
				C6F8D3F11C1E184200C36DA5 /* Foundation.framework in Frameworks */,
				C6F8D3EF1C1E183600C36DA5 /* CoreGraphics.framework in Frameworks */,
				C6F8D3ED1C1E182700C36DA5 /* UIKit.framework in Frameworks */,
				C6F8D3E91C1E155C00C36DA5 /* CoreData.framework in Frameworks */,
				C6F8D3E71C1E155500C36DA5 /* MapKit.framework in Frameworks */,
				C6F8D3E31C1E151400C36DA5 /* CoreLocation.framework in Frameworks */,
				4F51377180B90D98FD02AAC6 /* libPods.a in Frameworks */,
			);
			runOnlyForDeploymentPostprocessing = 0;
		};
/* End PBXFrameworksBuildPhase section */

/* Begin PBXGroup section */
		12D3EBBED289AA39F4246274 /* Frameworks */ = {
			isa = PBXGroup;
			children = (
				C6F8D3F01C1E184200C36DA5 /* Foundation.framework */,
				C6F8D3EE1C1E183600C36DA5 /* CoreGraphics.framework */,
				C6F8D3EC1C1E182700C36DA5 /* UIKit.framework */,
				C6F8D3EA1C1E156300C36DA5 /* AVFoundation.framework */,
				C6F8D3E81C1E155C00C36DA5 /* CoreData.framework */,
				C6F8D3E61C1E155500C36DA5 /* MapKit.framework */,
				C6F8D3E41C1E155100C36DA5 /* GLKit.framework */,
				C6F8D3E21C1E151400C36DA5 /* CoreLocation.framework */,
				B72E17892805A4FE3B8F1183 /* libPods.a */,
			);
			name = Frameworks;
			sourceTree = "<group>";
		};
		7EC0B3D21C1A65D400A6C6E5 /* Models */ = {
			isa = PBXGroup;
			children = (
				7EC0B3D31C1A6C0200A6C6E5 /* ParkingSpots.h */,
				7EC0B3D41C1A6C0200A6C6E5 /* ParkingSpots.m */,
				7EC0B3CF1C1A61E000A6C6E5 /* ParkingSpot.h */,
				7EC0B3D01C1A61E000A6C6E5 /* ParkingSpot.m */,
			);
			name = Models;
			sourceTree = "<group>";
		};
		8558E4C925DA8B62E8ECA04B /* Pods */ = {
			isa = PBXGroup;
			children = (
				5D440E109A622E6A9FA3B119 /* Pods.debug.xcconfig */,
				E851A27F2547482244E09418 /* Pods.release.xcconfig */,
			);
			name = Pods;
			sourceTree = "<group>";
		};
		C60F5FCE1C1796E700D2645D = {
			isa = PBXGroup;
			children = (
				C60F5FD91C1796E700D2645D /* Nemo-Master */,
				C60F5FD81C1796E700D2645D /* Products */,
				8558E4C925DA8B62E8ECA04B /* Pods */,
				12D3EBBED289AA39F4246274 /* Frameworks */,
			);
			sourceTree = "<group>";
		};
		C60F5FD81C1796E700D2645D /* Products */ = {
			isa = PBXGroup;
			children = (
				C60F5FD71C1796E700D2645D /* Nemo-Master.app */,
			);
			name = Products;
			sourceTree = "<group>";
		};
		C60F5FD91C1796E700D2645D /* Nemo-Master */ = {
			isa = PBXGroup;
			children = (
				C60F5FFE1C17E52800D2645D /* Helper.h */,
				C60F5FFF1C17E52800D2645D /* Helper.m */,
				C60F5FDD1C1796E700D2645D /* AppDelegate.h */,
				C60F5FDE1C1796E700D2645D /* AppDelegate.m */,
				C60F5FE01C1796E700D2645D /* ViewController.h */,
				C60F5FE11C1796E700D2645D /* ViewController.m */,
				C60F5FE31C1796E700D2645D /* Main.storyboard */,
				212615F91C1B5C9700DA4F02 /* SubmitViewController.h */,
				212615FA1C1B5C9700DA4F02 /* SubmitViewController.m */,
				FBBD376E1C1911B8001FBB52 /* CameraViewController.h */,
				FBBD376F1C1911B8001FBB52 /* CameraViewController.m */,
				C60F5FE61C1796E700D2645D /* Assets.xcassets */,
				C60F5FE81C1796E700D2645D /* LaunchScreen.storyboard */,
				C60F5FEB1C1796E700D2645D /* Info.plist */,
				C6DA6C281C1A38CD005FBD89 /* Podfile */,
				7EC0B3D21C1A65D400A6C6E5 /* Models */,
				C60F5FDA1C1796E700D2645D /* Supporting Files */,
			);
			path = "Nemo-Master";
			sourceTree = "<group>";
		};
		C60F5FDA1C1796E700D2645D /* Supporting Files */ = {
			isa = PBXGroup;
			children = (
				218CCC581C1A4DE600101CF4 /* XButton.png */,
				C60F5FDB1C1796E700D2645D /* main.m */,
			);
			name = "Supporting Files";
			sourceTree = "<group>";
		};
/* End PBXGroup section */

/* Begin PBXNativeTarget section */
		C60F5FD61C1796E700D2645D /* Nemo-Master */ = {
			isa = PBXNativeTarget;
			buildConfigurationList = C60F5FEE1C1796E700D2645D /* Build configuration list for PBXNativeTarget "Nemo-Master" */;
			buildPhases = (
				044E7B1B2228C821C92F4604 /* Check Pods Manifest.lock */,
				C60F5FD31C1796E700D2645D /* Sources */,
				C60F5FD41C1796E700D2645D /* Frameworks */,
				C60F5FD51C1796E700D2645D /* Resources */,
				790B33142FDD1D9FC674D218 /* Embed Pods Frameworks */,
				268A53DDD9B1F9A5E378E46C /* Copy Pods Resources */,
			);
			buildRules = (
			);
			dependencies = (
			);
			name = "Nemo-Master";
			productName = "Nemo-Master";
			productReference = C60F5FD71C1796E700D2645D /* Nemo-Master.app */;
			productType = "com.apple.product-type.application";
		};
/* End PBXNativeTarget section */

/* Begin PBXProject section */
		C60F5FCF1C1796E700D2645D /* Project object */ = {
			isa = PBXProject;
			attributes = {
				LastUpgradeCheck = 0710;
				ORGANIZATIONNAME = "Junhan Huang";
				TargetAttributes = {
					C60F5FD61C1796E700D2645D = {
						CreatedOnToolsVersion = 7.1.1;
						DevelopmentTeam = 9U23L6BV7T;
					};
				};
			};
			buildConfigurationList = C60F5FD21C1796E700D2645D /* Build configuration list for PBXProject "Nemo-Master" */;
			compatibilityVersion = "Xcode 3.2";
			developmentRegion = English;
			hasScannedForEncodings = 0;
			knownRegions = (
				en,
				Base,
			);
			mainGroup = C60F5FCE1C1796E700D2645D;
			productRefGroup = C60F5FD81C1796E700D2645D /* Products */;
			projectDirPath = "";
			projectRoot = "";
			targets = (
				C60F5FD61C1796E700D2645D /* Nemo-Master */,
			);
		};
/* End PBXProject section */

/* Begin PBXResourcesBuildPhase section */
		C60F5FD51C1796E700D2645D /* Resources */ = {
			isa = PBXResourcesBuildPhase;
			buildActionMask = 2147483647;
			files = (
				218CCC591C1A4DE600101CF4 /* XButton.png in Resources */,
				C60F5FEA1C1796E700D2645D /* LaunchScreen.storyboard in Resources */,
				C60F5FE71C1796E700D2645D /* Assets.xcassets in Resources */,
				C6DA6C291C1A38CD005FBD89 /* Podfile in Resources */,
				C60F5FE51C1796E700D2645D /* Main.storyboard in Resources */,
			);
			runOnlyForDeploymentPostprocessing = 0;
		};
/* End PBXResourcesBuildPhase section */

/* Begin PBXShellScriptBuildPhase section */
		044E7B1B2228C821C92F4604 /* Check Pods Manifest.lock */ = {
			isa = PBXShellScriptBuildPhase;
			buildActionMask = 2147483647;
			files = (
			);
			inputPaths = (
			);
			name = "Check Pods Manifest.lock";
			outputPaths = (
			);
			runOnlyForDeploymentPostprocessing = 0;
			shellPath = /bin/sh;
			shellScript = "diff \"${PODS_ROOT}/../Podfile.lock\" \"${PODS_ROOT}/Manifest.lock\" > /dev/null\nif [[ $? != 0 ]] ; then\n    cat << EOM\nerror: The sandbox is not in sync with the Podfile.lock. Run 'pod install' or update your CocoaPods installation.\nEOM\n    exit 1\nfi\n";
			showEnvVarsInLog = 0;
		};
		268A53DDD9B1F9A5E378E46C /* Copy Pods Resources */ = {
			isa = PBXShellScriptBuildPhase;
			buildActionMask = 2147483647;
			files = (
			);
			inputPaths = (
			);
			name = "Copy Pods Resources";
			outputPaths = (
			);
			runOnlyForDeploymentPostprocessing = 0;
			shellPath = /bin/sh;
			shellScript = "\"${SRCROOT}/Nemo-Master/Pods/Target Support Files/Pods/Pods-resources.sh\"\n";
			showEnvVarsInLog = 0;
		};
		790B33142FDD1D9FC674D218 /* Embed Pods Frameworks */ = {
			isa = PBXShellScriptBuildPhase;
			buildActionMask = 2147483647;
			files = (
			);
			inputPaths = (
			);
			name = "Embed Pods Frameworks";
			outputPaths = (
			);
			runOnlyForDeploymentPostprocessing = 0;
			shellPath = /bin/sh;
			shellScript = "\"${SRCROOT}/Nemo-Master/Pods/Target Support Files/Pods/Pods-frameworks.sh\"\n";
			showEnvVarsInLog = 0;
		};
/* End PBXShellScriptBuildPhase section */

/* Begin PBXSourcesBuildPhase section */
		C60F5FD31C1796E700D2645D /* Sources */ = {
			isa = PBXSourcesBuildPhase;
			buildActionMask = 2147483647;
			files = (
				FBBD37701C1911B8001FBB52 /* CameraViewController.m in Sources */,
				C60F5FE21C1796E700D2645D /* ViewController.m in Sources */,
				7EC0B3D51C1A6C0200A6C6E5 /* ParkingSpots.m in Sources */,
				C60F5FDF1C1796E700D2645D /* AppDelegate.m in Sources */,
				212615FB1C1B5C9700DA4F02 /* SubmitViewController.m in Sources */,
				C60F5FDC1C1796E700D2645D /* main.m in Sources */,
				7EC0B3D11C1A61E000A6C6E5 /* ParkingSpot.m in Sources */,
				C60F60001C17E52800D2645D /* Helper.m in Sources */,
			);
			runOnlyForDeploymentPostprocessing = 0;
		};
/* End PBXSourcesBuildPhase section */

/* Begin PBXVariantGroup section */
		C60F5FE31C1796E700D2645D /* Main.storyboard */ = {
			isa = PBXVariantGroup;
			children = (
				C60F5FE41C1796E700D2645D /* Base */,
			);
			name = Main.storyboard;
			sourceTree = "<group>";
		};
		C60F5FE81C1796E700D2645D /* LaunchScreen.storyboard */ = {
			isa = PBXVariantGroup;
			children = (
				C60F5FE91C1796E700D2645D /* Base */,
			);
			name = LaunchScreen.storyboard;
			sourceTree = "<group>";
		};
/* End PBXVariantGroup section */

/* Begin XCBuildConfiguration section */
		C60F5FEC1C1796E700D2645D /* Debug */ = {
			isa = XCBuildConfiguration;
			buildSettings = {
				ALWAYS_SEARCH_USER_PATHS = NO;
				CLANG_CXX_LANGUAGE_STANDARD = "gnu++0x";
				CLANG_CXX_LIBRARY = "libc++";
				CLANG_ENABLE_MODULES = YES;
				CLANG_ENABLE_OBJC_ARC = YES;
				CLANG_WARN_BOOL_CONVERSION = YES;
				CLANG_WARN_CONSTANT_CONVERSION = YES;
				CLANG_WARN_DIRECT_OBJC_ISA_USAGE = YES_ERROR;
				CLANG_WARN_EMPTY_BODY = YES;
				CLANG_WARN_ENUM_CONVERSION = YES;
				CLANG_WARN_INT_CONVERSION = YES;
				CLANG_WARN_OBJC_ROOT_CLASS = YES_ERROR;
				CLANG_WARN_UNREACHABLE_CODE = YES;
				CLANG_WARN__DUPLICATE_METHOD_MATCH = YES;
				"CODE_SIGN_IDENTITY[sdk=iphoneos*]" = "iPhone Developer";
				COPY_PHASE_STRIP = NO;
				DEBUG_INFORMATION_FORMAT = dwarf;
				ENABLE_STRICT_OBJC_MSGSEND = YES;
				ENABLE_TESTABILITY = YES;
				GCC_C_LANGUAGE_STANDARD = gnu99;
				GCC_DYNAMIC_NO_PIC = NO;
				GCC_NO_COMMON_BLOCKS = YES;
				GCC_OPTIMIZATION_LEVEL = 0;
				GCC_PREPROCESSOR_DEFINITIONS = (
					"DEBUG=1",
					"$(inherited)",
				);
				GCC_WARN_64_TO_32_BIT_CONVERSION = YES;
				GCC_WARN_ABOUT_RETURN_TYPE = YES_ERROR;
				GCC_WARN_UNDECLARED_SELECTOR = YES;
				GCC_WARN_UNINITIALIZED_AUTOS = YES_AGGRESSIVE;
				GCC_WARN_UNUSED_FUNCTION = YES;
				GCC_WARN_UNUSED_VARIABLE = YES;
				IPHONEOS_DEPLOYMENT_TARGET = 9.1;
				MTL_ENABLE_DEBUG_INFO = YES;
				ONLY_ACTIVE_ARCH = YES;
				SDKROOT = iphoneos;
			};
			name = Debug;
		};
		C60F5FED1C1796E700D2645D /* Release */ = {
			isa = XCBuildConfiguration;
			buildSettings = {
				ALWAYS_SEARCH_USER_PATHS = NO;
				CLANG_CXX_LANGUAGE_STANDARD = "gnu++0x";
				CLANG_CXX_LIBRARY = "libc++";
				CLANG_ENABLE_MODULES = YES;
				CLANG_ENABLE_OBJC_ARC = YES;
				CLANG_WARN_BOOL_CONVERSION = YES;
				CLANG_WARN_CONSTANT_CONVERSION = YES;
				CLANG_WARN_DIRECT_OBJC_ISA_USAGE = YES_ERROR;
				CLANG_WARN_EMPTY_BODY = YES;
				CLANG_WARN_ENUM_CONVERSION = YES;
				CLANG_WARN_INT_CONVERSION = YES;
				CLANG_WARN_OBJC_ROOT_CLASS = YES_ERROR;
				CLANG_WARN_UNREACHABLE_CODE = YES;
				CLANG_WARN__DUPLICATE_METHOD_MATCH = YES;
				"CODE_SIGN_IDENTITY[sdk=iphoneos*]" = "iPhone Developer";
				COPY_PHASE_STRIP = NO;
				DEBUG_INFORMATION_FORMAT = "dwarf-with-dsym";
				ENABLE_NS_ASSERTIONS = NO;
				ENABLE_STRICT_OBJC_MSGSEND = YES;
				GCC_C_LANGUAGE_STANDARD = gnu99;
				GCC_NO_COMMON_BLOCKS = YES;
				GCC_WARN_64_TO_32_BIT_CONVERSION = YES;
				GCC_WARN_ABOUT_RETURN_TYPE = YES_ERROR;
				GCC_WARN_UNDECLARED_SELECTOR = YES;
				GCC_WARN_UNINITIALIZED_AUTOS = YES_AGGRESSIVE;
				GCC_WARN_UNUSED_FUNCTION = YES;
				GCC_WARN_UNUSED_VARIABLE = YES;
				IPHONEOS_DEPLOYMENT_TARGET = 9.1;
				MTL_ENABLE_DEBUG_INFO = NO;
				SDKROOT = iphoneos;
				VALIDATE_PRODUCT = YES;
			};
			name = Release;
		};
		C60F5FEF1C1796E700D2645D /* Debug */ = {
			isa = XCBuildConfiguration;
			baseConfigurationReference = 5D440E109A622E6A9FA3B119 /* Pods.debug.xcconfig */;
			buildSettings = {
				ASSETCATALOG_COMPILER_APPICON_NAME = AppIcon;
				CODE_SIGN_IDENTITY = "iPhone Developer";
				"CODE_SIGN_IDENTITY[sdk=iphoneos*]" = "iPhone Developer";
				INFOPLIST_FILE = "Nemo-Master/Info.plist";
				LD_RUNPATH_SEARCH_PATHS = "$(inherited) @executable_path/Frameworks";
				PRODUCT_BUNDLE_IDENTIFIER = "nyu.edu.Nemo-Master";
				PRODUCT_NAME = "$(TARGET_NAME)";
				PROVISIONING_PROFILE = "";
			};
			name = Debug;
		};
		C60F5FF01C1796E700D2645D /* Release */ = {
			isa = XCBuildConfiguration;
			baseConfigurationReference = E851A27F2547482244E09418 /* Pods.release.xcconfig */;
			buildSettings = {
				ASSETCATALOG_COMPILER_APPICON_NAME = AppIcon;
				CODE_SIGN_IDENTITY = "iPhone Developer";
				"CODE_SIGN_IDENTITY[sdk=iphoneos*]" = "iPhone Developer";
				INFOPLIST_FILE = "Nemo-Master/Info.plist";
				LD_RUNPATH_SEARCH_PATHS = "$(inherited) @executable_path/Frameworks";
				PRODUCT_BUNDLE_IDENTIFIER = "nyu.edu.Nemo-Master";
				PRODUCT_NAME = "$(TARGET_NAME)";
				PROVISIONING_PROFILE = "";
			};
			name = Release;
		};
/* End XCBuildConfiguration section */

/* Begin XCConfigurationList section */
		C60F5FD21C1796E700D2645D /* Build configuration list for PBXProject "Nemo-Master" */ = {
			isa = XCConfigurationList;
			buildConfigurations = (
				C60F5FEC1C1796E700D2645D /* Debug */,
				C60F5FED1C1796E700D2645D /* Release */,
			);
			defaultConfigurationIsVisible = 0;
			defaultConfigurationName = Release;
		};
		C60F5FEE1C1796E700D2645D /* Build configuration list for PBXNativeTarget "Nemo-Master" */ = {
			isa = XCConfigurationList;
			buildConfigurations = (
				C60F5FEF1C1796E700D2645D /* Debug */,
				C60F5FF01C1796E700D2645D /* Release */,
			);
			defaultConfigurationIsVisible = 0;
			defaultConfigurationName = Release;
		};
/* End XCConfigurationList section */
	};
	rootObject = C60F5FCF1C1796E700D2645D /* Project object */;
}
